<?xml version="1.0" encoding="utf-8"?>
<Project ToolsVersion="4.0" xmlns="http://schemas.microsoft.com/developer/msbuild/2003">
  <ItemGroup>
    <Filter Include="base">
      <UniqueIdentifier>{d16aa777-e97a-4597-93ff-2f3a312e3cbe}</UniqueIdentifier>
    </Filter>
    <Filter Include="base\geometry">
      <UniqueIdentifier>{b55fa7b1-fa1f-41b3-bd27-d9de5eaacb6f}</UniqueIdentifier>
    </Filter>
    <Filter Include="base\math">
      <UniqueIdentifier>{67d1b649-7251-4d44-899c-09db3a18e7d9}</UniqueIdentifier>
    </Filter>
    <Filter Include="data">
      <UniqueIdentifier>{12fe9b30-feee-4f39-8828-167fc2404f11}</UniqueIdentifier>
    </Filter>
    <Filter Include="framework">
      <UniqueIdentifier>{ef759fa3-ab9f-4069-974b-f33a6e1222e2}</UniqueIdentifier>
    </Filter>
    <Filter Include="hid">
      <UniqueIdentifier>{c6e75f2e-1863-453a-9e89-b2506d082a4a}</UniqueIdentifier>
    </Filter>
    <Filter Include="league">
      <UniqueIdentifier>{35793cf3-d742-4e5d-960a-fb14b35abc95}</UniqueIdentifier>
    </Filter>
    <Filter Include="libs">
      <UniqueIdentifier>{1ef4c055-a2e6-48c1-b985-43f5dfd5079a}</UniqueIdentifier>
    </Filter>
    <Filter Include="libs\sqlite3">
      <UniqueIdentifier>{cc43258f-d078-49a5-9ce9-71cf7eca7aa6}</UniqueIdentifier>
    </Filter>
    <Filter Include="loaders">
      <UniqueIdentifier>{61edd738-a639-49b8-ad3e-1daec9260192}</UniqueIdentifier>
    </Filter>
    <Filter Include="managers">
      <UniqueIdentifier>{db1f7bf5-5dd0-4c28-8083-ca1fe6be33a3}</UniqueIdentifier>
    </Filter>
    <Filter Include="menu">
      <UniqueIdentifier>{5430e2fe-37ad-46c0-b866-8cb7f5af436c}</UniqueIdentifier>
    </Filter>
    <Filter Include="menu\ingame">
      <UniqueIdentifier>{f31d961b-1bbd-4248-bb8b-e84ceba2aa6e}</UniqueIdentifier>
    </Filter>
    <Filter Include="menu\league">
      <UniqueIdentifier>{e637589c-d07e-4eb9-857c-f016c1e90bb6}</UniqueIdentifier>
    </Filter>
    <Filter Include="menu\startmatch">
      <UniqueIdentifier>{ea123f1a-269b-4640-9d65-48b6a93531f6}</UniqueIdentifier>
    </Filter>
    <Filter Include="menu\widgets">
      <UniqueIdentifier>{61cb3541-06f1-46f5-8fdf-13892a216da6}</UniqueIdentifier>
    </Filter>
    <Filter Include="misc">
      <UniqueIdentifier>{0b84920a-dda8-4f64-b5c2-7595abce346c}</UniqueIdentifier>
    </Filter>
    <Filter Include="scene">
      <UniqueIdentifier>{40582fc0-2256-419b-8d83-0f07d0ddcc77}</UniqueIdentifier>
    </Filter>
    <Filter Include="scene\objects">
      <UniqueIdentifier>{425acea2-c1e0-411a-b24f-8d93ad12e861}</UniqueIdentifier>
    </Filter>
    <Filter Include="onthepitch">
      <UniqueIdentifier>{0f4bd95e-2d54-410a-9bce-e35817317a16}</UniqueIdentifier>
    </Filter>
    <Filter Include="onthepitch\AIsupport">
      <UniqueIdentifier>{20299931-a837-47ca-bbc4-dec503780925}</UniqueIdentifier>
    </Filter>
    <Filter Include="onthepitch\player">
      <UniqueIdentifier>{e4ffc31a-15e2-4eda-9505-6fee09c79fbf}</UniqueIdentifier>
    </Filter>
    <Filter Include="onthepitch\player\controller">
      <UniqueIdentifier>{cfae7fb8-d05f-45ef-8ad2-dfb1dee56bea}</UniqueIdentifier>
    </Filter>
    <Filter Include="onthepitch\player\controller\strategies">
      <UniqueIdentifier>{db858d41-3559-4bfc-88f1-482f63245081}</UniqueIdentifier>
    </Filter>
    <Filter Include="onthepitch\player\controller\strategies\offtheball">
      <UniqueIdentifier>{0c4cb1ef-3ca4-477a-ac5b-6e2e14417780}</UniqueIdentifier>
    </Filter>
    <Filter Include="onthepitch\player\controller\strategies\special">
      <UniqueIdentifier>{bc2dfb40-40ea-4a34-8bae-c2387144c9fa}</UniqueIdentifier>
    </Filter>
    <Filter Include="onthepitch\player\humanoid">
      <UniqueIdentifier>{ef107e0d-172c-4724-835c-131ec69a41d7}</UniqueIdentifier>
    </Filter>
    <Filter Include="scene\resources">
      <UniqueIdentifier>{0c358f45-547f-4aa1-ab53-322187b7e03e}</UniqueIdentifier>
    </Filter>
    <Filter Include="scene\scene2d">
      <UniqueIdentifier>{643d2674-244b-4c48-8df0-56a9aa607a7c}</UniqueIdentifier>
    </Filter>
    <Filter Include="scene\scene3d">
      <UniqueIdentifier>{d6bda35b-f2b4-40b3-ad99-00524ef3e155}</UniqueIdentifier>
    </Filter>
    <Filter Include="systems">
      <UniqueIdentifier>{c8205e96-762c-4e9b-94a0-b9ab76f76e22}</UniqueIdentifier>
    </Filter>
    <Filter Include="systems\audio">
      <UniqueIdentifier>{7fe310e9-f208-41fd-af76-a597aa0fee27}</UniqueIdentifier>
    </Filter>
    <Filter Include="systems\audio\objects">
      <UniqueIdentifier>{ec96ee1f-00aa-4393-8cc2-5df597a42763}</UniqueIdentifier>
    </Filter>
    <Filter Include="systems\audio\rendering">
      <UniqueIdentifier>{d8a60fb7-50e1-4df3-bb18-d2c5aa688859}</UniqueIdentifier>
    </Filter>
    <Filter Include="systems\audio\resources">
      <UniqueIdentifier>{13e80abd-0db1-46d5-ab97-a7aeaf4259bf}</UniqueIdentifier>
    </Filter>
    <Filter Include="systems\graphics">
      <UniqueIdentifier>{05b162ff-1d4a-48a6-8c9b-775c464a1450}</UniqueIdentifier>
    </Filter>
    <Filter Include="systems\graphics\objects">
      <UniqueIdentifier>{58030b02-f95c-4f75-99be-3f86cfa22e96}</UniqueIdentifier>
    </Filter>
    <Filter Include="systems\graphics\rendering">
      <UniqueIdentifier>{30b8b339-1884-4af7-9922-cc1d4dcb76b7}</UniqueIdentifier>
    </Filter>
    <Filter Include="systems\graphics\resources">
      <UniqueIdentifier>{2aba7bf3-ad3a-4b3c-968e-35955c762b83}</UniqueIdentifier>
    </Filter>
    <Filter Include="types">
      <UniqueIdentifier>{3fa6ecd0-fea4-443f-b585-7da52eb9e707}</UniqueIdentifier>
    </Filter>
    <Filter Include="utils">
      <UniqueIdentifier>{531425df-3efc-43d2-be43-51c4293857cc}</UniqueIdentifier>
    </Filter>
    <Filter Include="utils\animationextensions">
      <UniqueIdentifier>{d82bf1f7-b5b3-49d4-807e-dfeb4e6ba2aa}</UniqueIdentifier>
    </Filter>
    <Filter Include="utils\gui2">
      <UniqueIdentifier>{24956c25-8eec-40fe-84aa-ddd9722eb9f2}</UniqueIdentifier>
    </Filter>
    <Filter Include="utils\gui2\widgets">
      <UniqueIdentifier>{74a1ad3e-e07d-4242-afa3-8ed283cc3fb4}</UniqueIdentifier>
    </Filter>
  </ItemGroup>
  <ItemGroup>
    <ClCompile Include="src\base\geometry\aabb.cpp">
      <Filter>base\geometry</Filter>
    </ClCompile>
    <ClCompile Include="src\base\geometry\line.cpp">
      <Filter>base\geometry</Filter>
    </ClCompile>
    <ClCompile Include="src\base\geometry\plane.cpp">
      <Filter>base\geometry</Filter>
    </ClCompile>
    <ClCompile Include="src\base\geometry\triangle.cpp">
      <Filter>base\geometry</Filter>
    </ClCompile>
    <ClCompile Include="src\base\geometry\trianglemeshutils.cpp">
      <Filter>base\geometry</Filter>
    </ClCompile>
    <ClCompile Include="src\base\math\bluntmath.cpp">
      <Filter>base\math</Filter>
    </ClCompile>
    <ClCompile Include="src\base\math\matrix3.cpp">
      <Filter>base\math</Filter>
    </ClCompile>
    <ClCompile Include="src\base\math\matrix4.cpp">
      <Filter>base\math</Filter>
    </ClCompile>
    <ClCompile Include="src\base\math\quaternion.cpp">
      <Filter>base\math</Filter>
    </ClCompile>
    <ClCompile Include="src\base\math\vector3.cpp">
      <Filter>base\math</Filter>
    </ClCompile>
    <ClCompile Include="src\base\exception.cpp">
      <Filter>base</Filter>
    </ClCompile>
    <ClCompile Include="src\base\log.cpp">
      <Filter>base</Filter>
    </ClCompile>
    <ClCompile Include="src\base\properties.cpp">
      <Filter>base</Filter>
    </ClCompile>
    <ClCompile Include="src\base\sdl_surface.cpp">
      <Filter>base</Filter>
    </ClCompile>
    <ClCompile Include="src\base\utils.cpp">
      <Filter>base</Filter>
    </ClCompile>
    <ClCompile Include="src\data\matchdata.cpp">
      <Filter>data</Filter>
    </ClCompile>
    <ClCompile Include="src\data\playerdata.cpp">
      <Filter>data</Filter>
    </ClCompile>
    <ClCompile Include="src\data\teamdata.cpp">
      <Filter>data</Filter>
    </ClCompile>
    <ClCompile Include="src\framework\scheduler.cpp">
      <Filter>framework</Filter>
    </ClCompile>
    <ClCompile Include="src\framework\tasksequence.cpp">
      <Filter>framework</Filter>
    </ClCompile>
    <ClCompile Include="src\framework\workerthread.cpp">
      <Filter>framework</Filter>
    </ClCompile>
    <ClCompile Include="src\hid\gamepad.cpp">
      <Filter>hid</Filter>
    </ClCompile>
    <ClCompile Include="src\hid\keyboard.cpp">
      <Filter>hid</Filter>
    </ClCompile>
    <ClCompile Include="src\league\leaguecode.cpp">
      <Filter>league</Filter>
    </ClCompile>
    <ClCompile Include="src\libs\sqlite3\sqlite3.c">
      <Filter>libs\sqlite3</Filter>
    </ClCompile>
    <ClCompile Include="src\loaders\aseloader.cpp">
      <Filter>loaders</Filter>
    </ClCompile>
    <ClCompile Include="src\loaders\imageloader.cpp">
      <Filter>loaders</Filter>
    </ClCompile>
    <ClCompile Include="src\loaders\wavloader.cpp">
      <Filter>loaders</Filter>
    </ClCompile>
    <ClCompile Include="src\managers\environmentmanager.cpp">
      <Filter>managers</Filter>
    </ClCompile>
    <ClCompile Include="src\managers\resourcemanagerpool.cpp">
      <Filter>managers</Filter>
    </ClCompile>
    <ClCompile Include="src\managers\scenemanager.cpp">
      <Filter>managers</Filter>
    </ClCompile>
    <ClCompile Include="src\managers\systemmanager.cpp">
      <Filter>managers</Filter>
    </ClCompile>
    <ClCompile Include="src\managers\taskmanager.cpp">
      <Filter>managers</Filter>
    </ClCompile>
    <ClCompile Include="src\managers\usereventmanager.cpp">
      <Filter>managers</Filter>
    </ClCompile>
    <ClCompile Include="src\menu\ingame\gameover.cpp">
      <Filter>menu\ingame</Filter>
    </ClCompile>
    <ClCompile Include="src\menu\ingame\gamepage.cpp">
      <Filter>menu\ingame</Filter>
    </ClCompile>
    <ClCompile Include="src\menu\ingame\ingame.cpp">
      <Filter>menu\ingame</Filter>
    </ClCompile>
    <ClCompile Include="src\menu\ingame\phasemenu.cpp">
      <Filter>menu\ingame</Filter>
    </ClCompile>
    <ClCompile Include="src\menu\ingame\playerhud.cpp">
      <Filter>menu\ingame</Filter>
    </ClCompile>
    <ClCompile Include="src\menu\ingame\radar.cpp">
      <Filter>menu\ingame</Filter>
    </ClCompile>
    <ClCompile Include="src\menu\ingame\replaymenu.cpp">
      <Filter>menu\ingame</Filter>
    </ClCompile>
    <ClCompile Include="src\menu\ingame\scoreboard.cpp">
      <Filter>menu\ingame</Filter>
    </ClCompile>
    <ClCompile Include="src\menu\ingame\tacticsdebug.cpp">
      <Filter>menu\ingame</Filter>
    </ClCompile>
    <ClCompile Include="src\menu\league\league.cpp">
      <Filter>menu\league</Filter>
    </ClCompile>
    <ClCompile Include="src\menu\league\league_calendar.cpp">
      <Filter>menu\league</Filter>
    </ClCompile>
    <ClCompile Include="src\menu\league\league_forward.cpp">
      <Filter>menu\league</Filter>
    </ClCompile>
    <ClCompile Include="src\menu\league\league_inbox.cpp">
      <Filter>menu\league</Filter>
    </ClCompile>
    <ClCompile Include="src\menu\league\league_management.cpp">
      <Filter>menu\league</Filter>
    </ClCompile>
    <ClCompile Include="src\menu\league\league_standings.cpp">
      <Filter>menu\league</Filter>
    </ClCompile>
    <ClCompile Include="src\menu\league\league_system.cpp">
      <Filter>menu\league</Filter>
    </ClCompile>
    <ClCompile Include="src\menu\league\league_team.cpp">
      <Filter>menu\league</Filter>
    </ClCompile>
    <ClCompile Include="src\menu\startmatch\loadingmatch.cpp">
      <Filter>menu\startmatch</Filter>
    </ClCompile>
    <ClCompile Include="src\menu\startmatch\matchoptions.cpp">
      <Filter>menu\startmatch</Filter>
    </ClCompile>
    <ClCompile Include="src\menu\startmatch\teamselect.cpp">
      <Filter>menu\startmatch</Filter>
    </ClCompile>
    <ClCompile Include="src\menu\widgets\gameplansubmenu.cpp">
      <Filter>menu\widgets</Filter>
    </ClCompile>
    <ClCompile Include="src\menu\widgets\planmap.cpp">
      <Filter>menu\widgets</Filter>
    </ClCompile>
    <ClCompile Include="src\menu\cameramenu.cpp">
      <Filter>menu</Filter>
    </ClCompile>
    <ClCompile Include="src\menu\controllerselect.cpp">
      <Filter>menu</Filter>
    </ClCompile>
    <ClCompile Include="src\menu\credits.cpp">
      <Filter>menu</Filter>
    </ClCompile>
    <ClCompile Include="src\menu\gameplan.cpp">
      <Filter>menu</Filter>
    </ClCompile>
    <ClCompile Include="src\menu\mainmenu.cpp">
      <Filter>menu</Filter>
    </ClCompile>
    <ClCompile Include="src\menu\menuscene.cpp">
      <Filter>menu</Filter>
    </ClCompile>
    <ClCompile Include="src\menu\menutask.cpp">
      <Filter>menu</Filter>
    </ClCompile>
    <ClCompile Include="src\menu\pagefactory.cpp">
      <Filter>menu</Filter>
    </ClCompile>
    <ClCompile Include="src\menu\settings.cpp">
      <Filter>menu</Filter>
    </ClCompile>
    <ClCompile Include="src\menu\visualoptions.cpp">
      <Filter>menu</Filter>
    </ClCompile>
    <ClCompile Include="src\misc\hungarian.c">
      <Filter>misc</Filter>
    </ClCompile>
    <ClCompile Include="src\misc\perlin.cpp">
      <Filter>misc</Filter>
    </ClCompile>
    <ClCompile Include="src\onthepitch\AIsupport\AIfunctions.cpp">
      <Filter>onthepitch\AIsupport</Filter>
    </ClCompile>
    <ClCompile Include="src\onthepitch\AIsupport\mentalimage.cpp">
      <Filter>onthepitch\AIsupport</Filter>
    </ClCompile>
    <ClCompile Include="src\onthepitch\player\controller\strategies\offtheball\default_def.cpp">
      <Filter>onthepitch\player\controller\strategies\offtheball</Filter>
    </ClCompile>
    <ClCompile Include="src\onthepitch\player\controller\strategies\offtheball\default_mid.cpp">
      <Filter>onthepitch\player\controller\strategies\offtheball</Filter>
    </ClCompile>
    <ClCompile Include="src\onthepitch\player\controller\strategies\offtheball\default_off.cpp">
      <Filter>onthepitch\player\controller\strategies\offtheball</Filter>
    </ClCompile>
    <ClCompile Include="src\onthepitch\player\controller\strategies\offtheball\goalie_default.cpp">
      <Filter>onthepitch\player\controller\strategies\offtheball</Filter>
    </ClCompile>
    <ClCompile Include="src\onthepitch\player\controller\strategies\special\celebration.cpp">
      <Filter>onthepitch\player\controller\strategies\special</Filter>
    </ClCompile>
    <ClCompile Include="src\onthepitch\player\controller\strategies\strategy.cpp">
      <Filter>onthepitch\player\controller\strategies</Filter>
    </ClCompile>
    <ClCompile Include="src\onthepitch\player\controller\elizacontroller.cpp">
      <Filter>onthepitch\player\controller</Filter>
    </ClCompile>
    <ClCompile Include="src\onthepitch\player\controller\humancontroller.cpp">
      <Filter>onthepitch\player\controller</Filter>
    </ClCompile>
    <ClCompile Include="src\onthepitch\player\controller\icontroller.cpp">
      <Filter>onthepitch\player\controller</Filter>
    </ClCompile>
    <ClCompile Include="src\onthepitch\player\controller\playercontroller.cpp">
      <Filter>onthepitch\player\controller</Filter>
    </ClCompile>
    <ClCompile Include="src\onthepitch\player\controller\refereecontroller.cpp">
      <Filter>onthepitch\player\controller</Filter>
    </ClCompile>
    <ClCompile Include="src\onthepitch\player\humanoid\animcollection.cpp">
      <Filter>onthepitch\player\humanoid</Filter>
    </ClCompile>
    <ClCompile Include="src\onthepitch\player\humanoid\humanoid.cpp">
      <Filter>onthepitch\player\humanoid</Filter>
    </ClCompile>
    <ClCompile Include="src\onthepitch\player\humanoid\humanoid_utils.cpp">
      <Filter>onthepitch\player\humanoid</Filter>
    </ClCompile>
    <ClCompile Include="src\onthepitch\player\humanoid\humanoidbase.cpp">
      <Filter>onthepitch\player\humanoid</Filter>
    </ClCompile>
    <ClCompile Include="src\onthepitch\player\player.cpp">
      <Filter>onthepitch\player</Filter>
    </ClCompile>
    <ClCompile Include="src\onthepitch\player\playerbase.cpp">
      <Filter>onthepitch\player</Filter>
    </ClCompile>
    <ClCompile Include="src\onthepitch\player\playerofficial.cpp">
      <Filter>onthepitch\player</Filter>
    </ClCompile>
    <ClCompile Include="src\onthepitch\ball.cpp">
      <Filter>onthepitch</Filter>
    </ClCompile>
    <ClCompile Include="src\onthepitch\humangamer.cpp">
      <Filter>onthepitch</Filter>
    </ClCompile>
    <ClCompile Include="src\onthepitch\match.cpp">
      <Filter>onthepitch</Filter>
    </ClCompile>
    <ClCompile Include="src\onthepitch\officials.cpp">
      <Filter>onthepitch</Filter>
    </ClCompile>
    <ClCompile Include="src\onthepitch\proceduralpitch.cpp">
      <Filter>onthepitch</Filter>
    </ClCompile>
    <ClCompile Include="src\onthepitch\referee.cpp">
      <Filter>onthepitch</Filter>
    </ClCompile>
    <ClCompile Include="src\onthepitch\team.cpp">
      <Filter>onthepitch</Filter>
    </ClCompile>
    <ClCompile Include="src\onthepitch\teamAIcontroller.cpp">
      <Filter>onthepitch</Filter>
    </ClCompile>
    <ClCompile Include="src\scene\objects\audioreceiver.cpp">
      <Filter>scene\objects</Filter>
    </ClCompile>
    <ClCompile Include="src\scene\objects\camera.cpp">
      <Filter>scene\objects</Filter>
    </ClCompile>
    <ClCompile Include="src\scene\objects\geometry.cpp">
      <Filter>scene\objects</Filter>
    </ClCompile>
    <ClCompile Include="src\scene\objects\image2d.cpp">
      <Filter>scene\objects</Filter>
    </ClCompile>
    <ClCompile Include="src\scene\objects\joint.cpp">
      <Filter>scene\objects</Filter>
    </ClCompile>
    <ClCompile Include="src\scene\objects\light.cpp">
      <Filter>scene\objects</Filter>
    </ClCompile>
    <ClCompile Include="src\scene\objects\skybox.cpp">
      <Filter>scene\objects</Filter>
    </ClCompile>
    <ClCompile Include="src\scene\objects\sound.cpp">
      <Filter>scene\objects</Filter>
    </ClCompile>
    <ClCompile Include="src\scene\resources\geometrydata.cpp">
      <Filter>scene\resources</Filter>
    </ClCompile>
    <ClCompile Include="src\scene\resources\soundbuffer.cpp">
      <Filter>scene\resources</Filter>
    </ClCompile>
    <ClCompile Include="src\scene\resources\surface.cpp">
      <Filter>scene\resources</Filter>
    </ClCompile>
    <ClCompile Include="src\scene\scene2d\scene2d.cpp">
      <Filter>scene\scene2d</Filter>
    </ClCompile>
    <ClCompile Include="src\scene\scene3d\node.cpp">
      <Filter>scene\scene3d</Filter>
    </ClCompile>
    <ClCompile Include="src\scene\scene3d\scene3d.cpp">
      <Filter>scene\scene3d</Filter>
    </ClCompile>
    <ClCompile Include="src\scene\object.cpp">
      <Filter>scene</Filter>
    </ClCompile>
    <ClCompile Include="src\scene\objectfactory.cpp">
      <Filter>scene</Filter>
    </ClCompile>
    <ClCompile Include="src\scene\scene.cpp">
      <Filter>scene</Filter>
    </ClCompile>
    <ClCompile Include="src\systems\audio\objects\audio_audioreceiver.cpp">
      <Filter>systems\audio\objects</Filter>
    </ClCompile>
    <ClCompile Include="src\systems\audio\objects\audio_sound.cpp">
      <Filter>systems\audio\objects</Filter>
    </ClCompile>
    <ClCompile Include="src\systems\audio\rendering\audio_messages.cpp">
      <Filter>systems\audio\rendering</Filter>
    </ClCompile>
    <ClCompile Include="src\systems\audio\rendering\openal_renderer.cpp">
      <Filter>systems\audio\rendering</Filter>
    </ClCompile>
    <ClCompile Include="src\systems\audio\resources\audio_soundbuffer.cpp">
      <Filter>systems\audio\resources</Filter>
    </ClCompile>
    <ClCompile Include="src\systems\audio\audio_object.cpp">
      <Filter>systems\audio</Filter>
    </ClCompile>
    <ClCompile Include="src\systems\audio\audio_scene.cpp">
      <Filter>systems\audio</Filter>
    </ClCompile>
    <ClCompile Include="src\systems\audio\audio_system.cpp">
      <Filter>systems\audio</Filter>
    </ClCompile>
    <ClCompile Include="src\systems\graphics\objects\graphics_camera.cpp">
      <Filter>systems\graphics\objects</Filter>
    </ClCompile>
    <ClCompile Include="src\systems\graphics\objects\graphics_geometry.cpp">
      <Filter>systems\graphics\objects</Filter>
    </ClCompile>
    <ClCompile Include="src\systems\graphics\objects\graphics_light.cpp">
      <Filter>systems\graphics\objects</Filter>
    </ClCompile>
    <ClCompile Include="src\systems\graphics\objects\graphics_overlay2d.cpp">
      <Filter>systems\graphics\objects</Filter>
    </ClCompile>
    <ClCompile Include="src\systems\graphics\rendering\opengl_renderer3d.cpp">
      <Filter>systems\graphics\rendering</Filter>
    </ClCompile>
    <ClCompile Include="src\systems\graphics\rendering\r3d_messages.cpp">
      <Filter>systems\graphics\rendering</Filter>
    </ClCompile>
    <ClCompile Include="src\systems\graphics\resources\texture.cpp">
      <Filter>systems\graphics\resources</Filter>
    </ClCompile>
    <ClCompile Include="src\systems\graphics\resources\vertexbuffer.cpp">
      <Filter>systems\graphics\resources</Filter>
    </ClCompile>
    <ClCompile Include="src\systems\graphics\graphics_object.cpp">
      <Filter>systems\graphics</Filter>
    </ClCompile>
    <ClCompile Include="src\systems\graphics\graphics_scene.cpp">
      <Filter>systems\graphics</Filter>
    </ClCompile>
    <ClCompile Include="src\systems\graphics\graphics_system.cpp">
      <Filter>systems\graphics</Filter>
    </ClCompile>
    <ClCompile Include="src\systems\graphics\graphics_task.cpp">
      <Filter>systems\graphics</Filter>
    </ClCompile>
    <ClCompile Include="src\systems\isystemtask.cpp">
      <Filter>systems</Filter>
    </ClCompile>
    <ClCompile Include="src\types\command.cpp">
      <Filter>types</Filter>
    </ClCompile>
    <ClCompile Include="src\types\iusertask.cpp">
      <Filter>types</Filter>
    </ClCompile>
    <ClCompile Include="src\types\observer.cpp">
      <Filter>types</Filter>
    </ClCompile>
    <ClCompile Include="src\types\refcounted.cpp">
      <Filter>types</Filter>
    </ClCompile>
    <ClCompile Include="src\types\spatial.cpp">
      <Filter>types</Filter>
    </ClCompile>
    <ClCompile Include="src\types\trianglemesh.cpp">
      <Filter>types</Filter>
    </ClCompile>
    <ClCompile Include="src\utils\animationextensions\footballanimationextension.cpp">
      <Filter>utils\animationextensions</Filter>
    </ClCompile>
    <ClCompile Include="src\utils\gui2\widgets\dialog.cpp">
      <Filter>utils\gui2\widgets</Filter>
    </ClCompile>
    <ClCompile Include="src\utils\gui2\widgets\editline.cpp">
      <Filter>utils\gui2\widgets</Filter>
    </ClCompile>
    <ClCompile Include="src\utils\gui2\widgets\filebrowser.cpp">
      <Filter>utils\gui2\widgets</Filter>
    </ClCompile>
    <ClCompile Include="src\utils\gui2\widgets\frame.cpp">
      <Filter>utils\gui2\widgets</Filter>
    </ClCompile>
    <ClCompile Include="src\utils\gui2\widgets\grid.cpp">
      <Filter>utils\gui2\widgets</Filter>
    </ClCompile>
    <ClCompile Include="src\utils\gui2\widgets\iconselector.cpp">
      <Filter>utils\gui2\widgets</Filter>
    </ClCompile>
    <ClCompile Include="src\utils\gui2\widgets\image.cpp">
      <Filter>utils\gui2\widgets</Filter>
    </ClCompile>
    <ClCompile Include="src\utils\gui2\widgets\menu.cpp">
      <Filter>utils\gui2\widgets</Filter>
    </ClCompile>
    <ClCompile Include="src\utils\gui2\widgets\pulldown.cpp">
      <Filter>utils\gui2\widgets</Filter>
    </ClCompile>
    <ClCompile Include="src\utils\gui2\widgets\root.cpp">
      <Filter>utils\gui2\widgets</Filter>
    </ClCompile>
    <ClCompile Include="src\utils\gui2\widgets\scrollbar.cpp">
      <Filter>utils\gui2\widgets</Filter>
    </ClCompile>
    <ClCompile Include="src\utils\gui2\widgets\slider.cpp">
      <Filter>utils\gui2\widgets</Filter>
    </ClCompile>
    <ClCompile Include="src\utils\gui2\widgets\text.cpp">
      <Filter>utils\gui2\widgets</Filter>
    </ClCompile>
    <ClCompile Include="src\utils\gui2\widgets\button.cpp">
      <Filter>utils\gui2\widgets</Filter>
    </ClCompile>
    <ClCompile Include="src\utils\gui2\widgets\caption.cpp">
      <Filter>utils\gui2\widgets</Filter>
    </ClCompile>
    <ClCompile Include="src\utils\gui2\widgets\capturekey.cpp">
      <Filter>utils\gui2\widgets</Filter>
    </ClCompile>
    <ClCompile Include="src\utils\gui2\events.cpp">
      <Filter>utils\gui2</Filter>
    </ClCompile>
    <ClCompile Include="src\utils\gui2\guitask.cpp">
      <Filter>utils\gui2</Filter>
    </ClCompile>
    <ClCompile Include="src\utils\gui2\page.cpp">
      <Filter>utils\gui2</Filter>
    </ClCompile>
    <ClCompile Include="src\utils\gui2\style.cpp">
      <Filter>utils\gui2</Filter>
    </ClCompile>
    <ClCompile Include="src\utils\gui2\view.cpp">
      <Filter>utils\gui2</Filter>
    </ClCompile>
    <ClCompile Include="src\utils\gui2\windowmanager.cpp">
      <Filter>utils\gui2</Filter>
    </ClCompile>
    <ClCompile Include="src\utils\animation.cpp">
      <Filter>utils</Filter>
    </ClCompile>
    <ClCompile Include="src\utils\console.cpp">
      <Filter>utils</Filter>
    </ClCompile>
    <ClCompile Include="src\utils\database.cpp">
      <Filter>utils</Filter>
    </ClCompile>
    <ClCompile Include="src\utils\directoryparser.cpp">
      <Filter>utils</Filter>
    </ClCompile>
    <ClCompile Include="src\utils\objectloader.cpp">
      <Filter>utils</Filter>
    </ClCompile>
    <ClCompile Include="src\utils\orbitcamera.cpp">
      <Filter>utils</Filter>
    </ClCompile>
    <ClCompile Include="src\utils\splitgeometry.cpp">
      <Filter>utils</Filter>
    </ClCompile>
    <ClCompile Include="src\utils\text2d.cpp">
      <Filter>utils</Filter>
    </ClCompile>
    <ClCompile Include="src\utils\threadhud.cpp">
      <Filter>utils</Filter>
    </ClCompile>
    <ClCompile Include="src\utils\xmlloader.cpp">
      <Filter>utils</Filter>
    </ClCompile>
    <ClCompile Include="src\blunted.cpp" />
    <ClCompile Include="src\dbquery.cpp" />
    <ClCompile Include="src\gamedefines.cpp" />
    <ClCompile Include="src\gametask.cpp" />
    <ClCompile Include="src\main.cpp" />
    <ClCompile Include="src\utils.cpp" />
  </ItemGroup>
  <ItemGroup>
    <ClInclude Include="src\base\geometry\aabb.hpp">
      <Filter>base\geometry</Filter>
    </ClInclude>
    <ClInclude Include="src\base\geometry\line.hpp">
      <Filter>base\geometry</Filter>
    </ClInclude>
    <ClInclude Include="src\base\geometry\plane.hpp">
      <Filter>base\geometry</Filter>
    </ClInclude>
    <ClInclude Include="src\base\geometry\triangle.hpp">
      <Filter>base\geometry</Filter>
    </ClInclude>
    <ClInclude Include="src\base\geometry\trianglemeshutils.hpp">
      <Filter>base\geometry</Filter>
    </ClInclude>
    <ClInclude Include="src\base\math\bluntmath.hpp">
      <Filter>base\math</Filter>
    </ClInclude>
    <ClInclude Include="src\base\math\matrix3.hpp">
      <Filter>base\math</Filter>
    </ClInclude>
    <ClInclude Include="src\base\math\matrix4.hpp">
      <Filter>base\math</Filter>
    </ClInclude>
    <ClInclude Include="src\base\math\quaternion.hpp">
      <Filter>base\math</Filter>
    </ClInclude>
    <ClInclude Include="src\base\math\vector3.hpp">
      <Filter>base\math</Filter>
    </ClInclude>
    <ClInclude Include="src\base\exception.hpp">
      <Filter>base</Filter>
    </ClInclude>
    <ClInclude Include="src\base\log.hpp">
      <Filter>base</Filter>
    </ClInclude>
    <ClInclude Include="src\base\properties.hpp">
      <Filter>base</Filter>
    </ClInclude>
    <ClInclude Include="src\base\sdl_surface.hpp">
      <Filter>base</Filter>
    </ClInclude>
    <ClInclude Include="src\base\utils.hpp">
      <Filter>base</Filter>
    </ClInclude>
    <ClInclude Include="src\data\matchdata.hpp">
      <Filter>data</Filter>
    </ClInclude>
    <ClInclude Include="src\data\playerdata.hpp">
      <Filter>data</Filter>
    </ClInclude>
    <ClInclude Include="src\data\teamdata.hpp">
      <Filter>data</Filter>
    </ClInclude>
    <ClInclude Include="src\framework\scheduler.hpp">
      <Filter>framework</Filter>
    </ClInclude>
    <ClInclude Include="src\framework\tasksequence.hpp">
      <Filter>framework</Filter>
    </ClInclude>
    <ClInclude Include="src\framework\workerthread.hpp">
      <Filter>framework</Filter>
    </ClInclude>
    <ClInclude Include="src\hid\gamepad.hpp">
      <Filter>hid</Filter>
    </ClInclude>
    <ClInclude Include="src\hid\ihidevice.hpp">
      <Filter>hid</Filter>
    </ClInclude>
    <ClInclude Include="src\hid\keyboard.hpp">
      <Filter>hid</Filter>
    </ClInclude>
    <ClInclude Include="src\league\leaguecode.hpp">
      <Filter>league</Filter>
    </ClInclude>
    <ClInclude Include="src\libs\sqlite3\sqlite3.h">
      <Filter>libs\sqlite3</Filter>
    </ClInclude>
    <ClInclude Include="src\libs\sqlite3\sqlite3ext.h">
      <Filter>libs\sqlite3</Filter>
    </ClInclude>
    <ClInclude Include="src\loaders\aseloader.hpp">
      <Filter>loaders</Filter>
    </ClInclude>
    <ClInclude Include="src\loaders\imageloader.hpp">
      <Filter>loaders</Filter>
    </ClInclude>
    <ClInclude Include="src\loaders\wavloader.hpp">
      <Filter>loaders</Filter>
    </ClInclude>
    <ClInclude Include="src\managers\environmentmanager.hpp">
      <Filter>managers</Filter>
    </ClInclude>
    <ClInclude Include="src\managers\resourcemanager.hpp">
      <Filter>managers</Filter>
    </ClInclude>
    <ClInclude Include="src\managers\resourcemanagerpool.hpp">
      <Filter>managers</Filter>
    </ClInclude>
    <ClInclude Include="src\managers\scenemanager.hpp">
      <Filter>managers</Filter>
    </ClInclude>
    <ClInclude Include="src\managers\systemmanager.hpp">
      <Filter>managers</Filter>
    </ClInclude>
    <ClInclude Include="src\managers\taskmanager.hpp">
      <Filter>managers</Filter>
    </ClInclude>
    <ClInclude Include="src\managers\usereventmanager.hpp">
      <Filter>managers</Filter>
    </ClInclude>
    <ClInclude Include="src\menu\ingame\gameover.hpp">
      <Filter>menu\ingame</Filter>
    </ClInclude>
    <ClInclude Include="src\menu\ingame\gamepage.hpp">
      <Filter>menu\ingame</Filter>
    </ClInclude>
    <ClInclude Include="src\menu\ingame\ingame.hpp">
      <Filter>menu\ingame</Filter>
    </ClInclude>
    <ClInclude Include="src\menu\ingame\phasemenu.hpp">
      <Filter>menu\ingame</Filter>
    </ClInclude>
    <ClInclude Include="src\menu\ingame\playerhud.hpp">
      <Filter>menu\ingame</Filter>
    </ClInclude>
    <ClInclude Include="src\menu\ingame\radar.hpp">
      <Filter>menu\ingame</Filter>
    </ClInclude>
    <ClInclude Include="src\menu\ingame\replaymenu.hpp">
      <Filter>menu\ingame</Filter>
    </ClInclude>
    <ClInclude Include="src\menu\ingame\scoreboard.hpp">
      <Filter>menu\ingame</Filter>
    </ClInclude>
    <ClInclude Include="src\menu\ingame\tacticsdebug.hpp">
      <Filter>menu\ingame</Filter>
    </ClInclude>
    <ClInclude Include="src\menu\league\league.hpp">
      <Filter>menu\league</Filter>
    </ClInclude>
    <ClInclude Include="src\menu\league\league_calendar.hpp">
      <Filter>menu\league</Filter>
    </ClInclude>
    <ClInclude Include="src\menu\league\league_forward.hpp">
      <Filter>menu\league</Filter>
    </ClInclude>
    <ClInclude Include="src\menu\league\league_inbox.hpp">
      <Filter>menu\league</Filter>
    </ClInclude>
    <ClInclude Include="src\menu\league\league_management.hpp">
      <Filter>menu\league</Filter>
    </ClInclude>
    <ClInclude Include="src\menu\league\league_standings.hpp">
      <Filter>menu\league</Filter>
    </ClInclude>
    <ClInclude Include="src\menu\league\league_system.hpp">
      <Filter>menu\league</Filter>
    </ClInclude>
    <ClInclude Include="src\menu\league\league_team.hpp">
      <Filter>menu\league</Filter>
    </ClInclude>
    <ClInclude Include="src\menu\startmatch\loadingmatch.hpp">
      <Filter>menu\startmatch</Filter>
    </ClInclude>
    <ClInclude Include="src\menu\startmatch\matchoptions.hpp">
      <Filter>menu\startmatch</Filter>
    </ClInclude>
    <ClInclude Include="src\menu\startmatch\teamselect.hpp">
      <Filter>menu\startmatch</Filter>
    </ClInclude>
    <ClInclude Include="src\menu\widgets\gameplansubmenu.hpp">
      <Filter>menu\widgets</Filter>
    </ClInclude>
    <ClInclude Include="src\menu\widgets\planmap.hpp">
      <Filter>menu\widgets</Filter>
    </ClInclude>
    <ClInclude Include="src\menu\cameramenu.hpp">
      <Filter>menu</Filter>
    </ClInclude>
    <ClInclude Include="src\menu\controllerselect.hpp">
      <Filter>menu</Filter>
    </ClInclude>
    <ClInclude Include="src\menu\credits.hpp">
      <Filter>menu</Filter>
    </ClInclude>
    <ClInclude Include="src\menu\gameplan.hpp">
      <Filter>menu</Filter>
    </ClInclude>
    <ClInclude Include="src\menu\mainmenu.hpp">
      <Filter>menu</Filter>
    </ClInclude>
    <ClInclude Include="src\menu\menuscene.hpp">
      <Filter>menu</Filter>
    </ClInclude>
    <ClInclude Include="src\menu\menutask.hpp">
      <Filter>menu</Filter>
    </ClInclude>
    <ClInclude Include="src\menu\pagefactory.hpp">
      <Filter>menu</Filter>
    </ClInclude>
    <ClInclude Include="src\menu\settings.hpp">
      <Filter>menu</Filter>
    </ClInclude>
    <ClInclude Include="src\menu\visualoptions.hpp">
      <Filter>menu</Filter>
    </ClInclude>
    <ClInclude Include="src\misc\hungarian.h">
      <Filter>misc</Filter>
    </ClInclude>
    <ClInclude Include="src\misc\perlin.h">
      <Filter>misc</Filter>
    </ClInclude>
    <ClInclude Include="src\onthepitch\AIsupport\AIfunctions.hpp">
      <Filter>onthepitch\AIsupport</Filter>
    </ClInclude>
    <ClInclude Include="src\onthepitch\AIsupport\mentalimage.hpp">
      <Filter>onthepitch\AIsupport</Filter>
    </ClInclude>
    <ClInclude Include="src\onthepitch\player\controller\strategies\offtheball\default_def.hpp">
      <Filter>onthepitch\player\controller\strategies\offtheball</Filter>
    </ClInclude>
    <ClInclude Include="src\onthepitch\player\controller\strategies\offtheball\default_mid.hpp">
      <Filter>onthepitch\player\controller\strategies\offtheball</Filter>
    </ClInclude>
    <ClInclude Include="src\onthepitch\player\controller\strategies\offtheball\default_off.hpp">
      <Filter>onthepitch\player\controller\strategies\offtheball</Filter>
    </ClInclude>
    <ClInclude Include="src\onthepitch\player\controller\strategies\offtheball\goalie_default.hpp">
      <Filter>onthepitch\player\controller\strategies\offtheball</Filter>
    </ClInclude>
    <ClInclude Include="src\onthepitch\player\controller\strategies\special\celebration.hpp">
      <Filter>onthepitch\player\controller\strategies\special</Filter>
    </ClInclude>
    <ClInclude Include="src\onthepitch\player\controller\strategies\strategy.hpp">
      <Filter>onthepitch\player\controller\strategies</Filter>
    </ClInclude>
    <ClInclude Include="src\onthepitch\player\controller\elizacontroller.hpp">
      <Filter>onthepitch\player\controller</Filter>
    </ClInclude>
    <ClInclude Include="src\onthepitch\player\controller\humancontroller.hpp">
      <Filter>onthepitch\player\controller</Filter>
    </ClInclude>
    <ClInclude Include="src\onthepitch\player\controller\icontroller.hpp">
      <Filter>onthepitch\player\controller</Filter>
    </ClInclude>
    <ClInclude Include="src\onthepitch\player\controller\playercontroller.hpp">
      <Filter>onthepitch\player\controller</Filter>
    </ClInclude>
    <ClInclude Include="src\onthepitch\player\controller\refereecontroller.hpp">
      <Filter>onthepitch\player\controller</Filter>
    </ClInclude>
    <ClInclude Include="src\onthepitch\player\humanoid\animcollection.hpp">
      <Filter>onthepitch\player\humanoid</Filter>
    </ClInclude>
    <ClInclude Include="src\onthepitch\player\humanoid\humanoid.hpp">
      <Filter>onthepitch\player\humanoid</Filter>
    </ClInclude>
    <ClInclude Include="src\onthepitch\player\humanoid\humanoid_utils.hpp">
      <Filter>onthepitch\player\humanoid</Filter>
    </ClInclude>
    <ClInclude Include="src\onthepitch\player\humanoid\humanoidbase.hpp">
      <Filter>onthepitch\player\humanoid</Filter>
    </ClInclude>
    <ClInclude Include="src\onthepitch\player\player.hpp">
      <Filter>onthepitch\player</Filter>
    </ClInclude>
    <ClInclude Include="src\onthepitch\player\playerbase.hpp">
      <Filter>onthepitch\player</Filter>
    </ClInclude>
    <ClInclude Include="src\onthepitch\player\playerofficial.hpp">
      <Filter>onthepitch\player</Filter>
    </ClInclude>
    <ClInclude Include="src\onthepitch\ball.hpp">
      <Filter>onthepitch</Filter>
    </ClInclude>
    <ClInclude Include="src\onthepitch\humangamer.hpp">
      <Filter>onthepitch</Filter>
    </ClInclude>
    <ClInclude Include="src\onthepitch\match.hpp">
      <Filter>onthepitch</Filter>
    </ClInclude>
    <ClInclude Include="src\onthepitch\officials.hpp">
      <Filter>onthepitch</Filter>
    </ClInclude>
    <ClInclude Include="src\onthepitch\proceduralpitch.hpp">
      <Filter>onthepitch</Filter>
    </ClInclude>
    <ClInclude Include="src\onthepitch\referee.hpp">
      <Filter>onthepitch</Filter>
    </ClInclude>
    <ClInclude Include="src\onthepitch\team.hpp">
      <Filter>onthepitch</Filter>
    </ClInclude>
    <ClInclude Include="src\onthepitch\teamAIcontroller.hpp">
      <Filter>onthepitch</Filter>
    </ClInclude>
    <ClInclude Include="src\scene\objects\audioreceiver.hpp">
      <Filter>scene\objects</Filter>
    </ClInclude>
    <ClInclude Include="src\scene\objects\camera.hpp">
      <Filter>scene\objects</Filter>
    </ClInclude>
    <ClInclude Include="src\scene\objects\geometry.hpp">
      <Filter>scene\objects</Filter>
    </ClInclude>
    <ClInclude Include="src\scene\objects\image2d.hpp">
      <Filter>scene\objects</Filter>
    </ClInclude>
    <ClInclude Include="src\scene\objects\joint.hpp">
      <Filter>scene\objects</Filter>
    </ClInclude>
    <ClInclude Include="src\scene\objects\light.hpp">
      <Filter>scene\objects</Filter>
    </ClInclude>
    <ClInclude Include="src\scene\objects\skybox.hpp">
      <Filter>scene\objects</Filter>
    </ClInclude>
    <ClInclude Include="src\scene\objects\sound.hpp">
      <Filter>scene\objects</Filter>
    </ClInclude>
    <ClInclude Include="src\scene\resources\geometrydata.hpp">
      <Filter>scene\resources</Filter>
    </ClInclude>
    <ClInclude Include="src\scene\resources\soundbuffer.hpp">
      <Filter>scene\resources</Filter>
    </ClInclude>
    <ClInclude Include="src\scene\resources\surface.hpp">
      <Filter>scene\resources</Filter>
    </ClInclude>
    <ClInclude Include="src\scene\scene2d\scene2d.hpp">
      <Filter>scene\scene2d</Filter>
    </ClInclude>
    <ClInclude Include="src\scene\scene3d\node.hpp">
      <Filter>scene\scene3d</Filter>
    </ClInclude>
    <ClInclude Include="src\scene\scene3d\scene3d.hpp">
      <Filter>scene\scene3d</Filter>
    </ClInclude>
    <ClInclude Include="src\scene\iscene.hpp">
      <Filter>scene</Filter>
    </ClInclude>
    <ClInclude Include="src\scene\object.hpp">
      <Filter>scene</Filter>
    </ClInclude>
    <ClInclude Include="src\scene\objectfactory.hpp">
      <Filter>scene</Filter>
    </ClInclude>
    <ClInclude Include="src\scene\scene.hpp">
      <Filter>scene</Filter>
    </ClInclude>
    <ClInclude Include="src\systems\audio\objects\audio_audioreceiver.hpp">
      <Filter>systems\audio\objects</Filter>
    </ClInclude>
    <ClInclude Include="src\systems\audio\objects\audio_sound.hpp">
      <Filter>systems\audio\objects</Filter>
    </ClInclude>
    <ClInclude Include="src\systems\audio\rendering\audio_messages.hpp">
      <Filter>systems\audio\rendering</Filter>
    </ClInclude>
    <ClInclude Include="src\systems\audio\rendering\interface_audiorenderer.hpp">
      <Filter>systems\audio\rendering</Filter>
    </ClInclude>
    <ClInclude Include="src\systems\audio\rendering\openal_renderer.hpp">
      <Filter>systems\audio\rendering</Filter>
    </ClInclude>
    <ClInclude Include="src\systems\audio\resources\audio_soundbuffer.hpp">
      <Filter>systems\audio\resources</Filter>
    </ClInclude>
    <ClInclude Include="src\systems\audio\audio_object.hpp">
      <Filter>systems\audio</Filter>
    </ClInclude>
    <ClInclude Include="src\systems\audio\audio_scene.hpp">
      <Filter>systems\audio</Filter>
    </ClInclude>
    <ClInclude Include="src\systems\audio\audio_system.hpp">
      <Filter>systems\audio</Filter>
    </ClInclude>
    <ClInclude Include="src\systems\graphics\objects\graphics_camera.hpp">
      <Filter>systems\graphics\objects</Filter>
    </ClInclude>
    <ClInclude Include="src\systems\graphics\objects\graphics_geometry.hpp">
      <Filter>systems\graphics\objects</Filter>
    </ClInclude>
    <ClInclude Include="src\systems\graphics\objects\graphics_light.hpp">
      <Filter>systems\graphics\objects</Filter>
    </ClInclude>
    <ClInclude Include="src\systems\graphics\objects\graphics_overlay2d.hpp">
      <Filter>systems\graphics\objects</Filter>
    </ClInclude>
    <ClInclude Include="src\systems\graphics\rendering\interface_renderer3d.hpp">
      <Filter>systems\graphics\rendering</Filter>
    </ClInclude>
    <ClInclude Include="src\systems\graphics\rendering\opengl_renderer3d.hpp">
      <Filter>systems\graphics\rendering</Filter>
    </ClInclude>
    <ClInclude Include="src\systems\graphics\rendering\r3d_messages.hpp">
      <Filter>systems\graphics\rendering</Filter>
    </ClInclude>
    <ClInclude Include="src\systems\graphics\rendering\sdl_glfuncs.h">
      <Filter>systems\graphics\rendering</Filter>
    </ClInclude>
    <ClInclude Include="src\systems\graphics\resources\texture.hpp">
      <Filter>systems\graphics\resources</Filter>
    </ClInclude>
    <ClInclude Include="src\systems\graphics\resources\vertexbuffer.hpp">
      <Filter>systems\graphics\resources</Filter>
    </ClInclude>
    <ClInclude Include="src\systems\graphics\graphics_object.hpp">
      <Filter>systems\graphics</Filter>
    </ClInclude>
    <ClInclude Include="src\systems\graphics\graphics_scene.hpp">
      <Filter>systems\graphics</Filter>
    </ClInclude>
    <ClInclude Include="src\systems\graphics\graphics_system.hpp">
      <Filter>systems\graphics</Filter>
    </ClInclude>
    <ClInclude Include="src\systems\graphics\graphics_task.hpp">
      <Filter>systems\graphics</Filter>
    </ClInclude>
    <ClInclude Include="src\systems\isystem.hpp">
      <Filter>systems</Filter>
    </ClInclude>
    <ClInclude Include="src\systems\isystemobject.hpp">
      <Filter>systems</Filter>
    </ClInclude>
    <ClInclude Include="src\systems\isystemscene.hpp">
      <Filter>systems</Filter>
    </ClInclude>
    <ClInclude Include="src\systems\isystemtask.hpp">
      <Filter>systems</Filter>
    </ClInclude>
    <ClInclude Include="src\types\command.hpp">
      <Filter>types</Filter>
    </ClInclude>
    <ClInclude Include="src\types\interpreter.hpp">
      <Filter>types</Filter>
    </ClInclude>
    <ClInclude Include="src\types\iusertask.hpp">
      <Filter>types</Filter>
    </ClInclude>
    <ClInclude Include="src\types\loader.hpp">
      <Filter>types</Filter>
    </ClInclude>
    <ClInclude Include="src\types\lockable.hpp">
      <Filter>types</Filter>
    </ClInclude>
    <ClInclude Include="src\types\material.hpp">
      <Filter>types</Filter>
    </ClInclude>
    <ClInclude Include="src\types\messagequeue.hpp">
      <Filter>types</Filter>
    </ClInclude>
    <ClInclude Include="src\types\observer.hpp">
      <Filter>types</Filter>
    </ClInclude>
    <ClInclude Include="src\types\refcounted.hpp">
      <Filter>types</Filter>
    </ClInclude>
    <ClInclude Include="src\types\resource.hpp">
      <Filter>types</Filter>
    </ClInclude>
    <ClInclude Include="src\types\singleton.hpp">
      <Filter>types</Filter>
    </ClInclude>
    <ClInclude Include="src\types\spatial.hpp">
      <Filter>types</Filter>
    </ClInclude>
    <ClInclude Include="src\types\subject.hpp">
      <Filter>types</Filter>
    </ClInclude>
    <ClInclude Include="src\types\thread.hpp">
      <Filter>types</Filter>
    </ClInclude>
    <ClInclude Include="src\types\trianglemesh.hpp">
      <Filter>types</Filter>
    </ClInclude>
    <ClInclude Include="src\utils\animationextensions\animationextension.hpp">
      <Filter>utils\animationextensions</Filter>
    </ClInclude>
    <ClInclude Include="src\utils\animationextensions\footballanimationextension.hpp">
      <Filter>utils\animationextensions</Filter>
    </ClInclude>
    <ClInclude Include="src\utils\gui2\widgets\dialog.hpp">
      <Filter>utils\gui2\widgets</Filter>
    </ClInclude>
    <ClInclude Include="src\utils\gui2\widgets\editline.hpp">
      <Filter>utils\gui2\widgets</Filter>
    </ClInclude>
    <ClInclude Include="src\utils\gui2\widgets\filebrowser.hpp">
      <Filter>utils\gui2\widgets</Filter>
    </ClInclude>
    <ClInclude Include="src\utils\gui2\widgets\frame.hpp">
      <Filter>utils\gui2\widgets</Filter>
    </ClInclude>
    <ClInclude Include="src\utils\gui2\widgets\grid.hpp">
      <Filter>utils\gui2\widgets</Filter>
    </ClInclude>
    <ClInclude Include="src\utils\gui2\widgets\iconselector.hpp">
      <Filter>utils\gui2\widgets</Filter>
    </ClInclude>
    <ClInclude Include="src\utils\gui2\widgets\image.hpp">
      <Filter>utils\gui2\widgets</Filter>
    </ClInclude>
    <ClInclude Include="src\utils\gui2\widgets\menu.hpp">
      <Filter>utils\gui2\widgets</Filter>
    </ClInclude>
    <ClInclude Include="src\utils\gui2\widgets\pulldown.hpp">
      <Filter>utils\gui2\widgets</Filter>
    </ClInclude>
    <ClInclude Include="src\utils\gui2\widgets\root.hpp">
      <Filter>utils\gui2\widgets</Filter>
    </ClInclude>
    <ClInclude Include="src\utils\gui2\widgets\scrollbar.hpp">
      <Filter>utils\gui2\widgets</Filter>
    </ClInclude>
    <ClInclude Include="src\utils\gui2\widgets\slider.hpp">
      <Filter>utils\gui2\widgets</Filter>
    </ClInclude>
    <ClInclude Include="src\utils\gui2\widgets\text.hpp">
      <Filter>utils\gui2\widgets</Filter>
    </ClInclude>
    <ClInclude Include="src\utils\gui2\widgets\button.hpp">
      <Filter>utils\gui2\widgets</Filter>
    </ClInclude>
    <ClInclude Include="src\utils\gui2\widgets\caption.hpp">
      <Filter>utils\gui2\widgets</Filter>
    </ClInclude>
    <ClInclude Include="src\utils\gui2\widgets\capturekey.hpp">
      <Filter>utils\gui2\widgets</Filter>
    </ClInclude>
    <ClInclude Include="src\utils\gui2\events.hpp">
      <Filter>utils\gui2</Filter>
    </ClInclude>
    <ClInclude Include="src\utils\gui2\guitask.hpp">
      <Filter>utils\gui2</Filter>
    </ClInclude>
    <ClInclude Include="src\utils\gui2\page.hpp">
      <Filter>utils\gui2</Filter>
    </ClInclude>
    <ClInclude Include="src\utils\gui2\style.hpp">
      <Filter>utils\gui2</Filter>
    </ClInclude>
    <ClInclude Include="src\utils\gui2\view.hpp">
      <Filter>utils\gui2</Filter>
    </ClInclude>
    <ClInclude Include="src\utils\gui2\windowmanager.hpp">
      <Filter>utils\gui2</Filter>
    </ClInclude>
    <ClInclude Include="src\utils\animation.hpp">
      <Filter>utils</Filter>
    </ClInclude>
    <ClInclude Include="src\utils\console.hpp">
      <Filter>utils</Filter>
    </ClInclude>
    <ClInclude Include="src\utils\database.hpp">
      <Filter>utils</Filter>
    </ClInclude>
    <ClInclude Include="src\utils\directoryparser.hpp">
      <Filter>utils</Filter>
    </ClInclude>
    <ClInclude Include="src\utils\objectloader.hpp">
      <Filter>utils</Filter>
    </ClInclude>
    <ClInclude Include="src\utils\orbitcamera.hpp">
      <Filter>utils</Filter>
    </ClInclude>
    <ClInclude Include="src\utils\splitgeometry.hpp">
      <Filter>utils</Filter>
    </ClInclude>
    <ClInclude Include="src\utils\text2d.hpp">
      <Filter>utils</Filter>
    </ClInclude>
    <ClInclude Include="src\utils\threadhud.hpp">
      <Filter>utils</Filter>
    </ClInclude>
    <ClInclude Include="src\utils\xmlloader.hpp">
      <Filter>utils</Filter>
    </ClInclude>
    <ClInclude Include="src\blunted.hpp" />
    <ClInclude Include="src\dbquery.hpp" />
    <ClInclude Include="src\defines.hpp" />
    <ClInclude Include="src\gamedefines.hpp" />
    <ClInclude Include="src\gametask.hpp" />
    <ClInclude Include="src\main.hpp" />
    <ClInclude Include="src\utils.hpp" />
  </ItemGroup>
</Project>